
Microsoft Visual Studio Solution File, Format Version 12.00
Project("{FAE04EC0-301F-11D3-BF4B-00C04F79EFBC}") = "Domain", "Domain\Domain.csproj", "{3D1FA4C1-EA82-4145-9C71-EBB41810CDD0}"
EndProject
Project("{FAE04EC0-301F-11D3-BF4B-00C04F79EFBC}") = "Infrastructure", "Infrastructure\Infrastructure.csproj", "{F1F0DA15-DC79-4D1C-9CEA-DF074060BBB7}"
EndProject
Project("{FAE04EC0-301F-11D3-BF4B-00C04F79EFBC}") = "Application", "Application\Application.csproj", "{10431E23-1569-472E-90D2-D2C2FE0E28ED}"
EndProject
Project("{FAE04EC0-301F-11D3-BF4B-00C04F79EFBC}") = "API", "API\API.csproj", "{D479A409-D446-478B-83B8-176956E8A939}"
EndProject
Global
	GlobalSection(SolutionConfigurationPlatforms) = preSolution
		Debug|Any CPU = Debug|Any CPU
		Release|Any CPU = Release|Any CPU
	EndGlobalSection
	GlobalSection(ProjectConfigurationPlatforms) = postSolution
		{3D1FA4C1-EA82-4145-9C71-EBB41810CDD0}.Debug|Any CPU.ActiveCfg = Debug|Any CPU
		{3D1FA4C1-EA82-4145-9C71-EBB41810CDD0}.Debug|Any CPU.Build.0 = Debug|Any CPU
		{3D1FA4C1-EA82-4145-9C71-EBB41810CDD0}.Release|Any CPU.ActiveCfg = Release|Any CPU
		{3D1FA4C1-EA82-4145-9C71-EBB41810CDD0}.Release|Any CPU.Build.0 = Release|Any CPU
		{F1F0DA15-DC79-4D1C-9CEA-DF074060BBB7}.Debug|Any CPU.ActiveCfg = Debug|Any CPU
		{F1F0DA15-DC79-4D1C-9CEA-DF074060BBB7}.Debug|Any CPU.Build.0 = Debug|Any CPU
		{F1F0DA15-DC79-4D1C-9CEA-DF074060BBB7}.Release|Any CPU.ActiveCfg = Release|Any CPU
		{F1F0DA15-DC79-4D1C-9CEA-DF074060BBB7}.Release|Any CPU.Build.0 = Release|Any CPU
		{10431E23-1569-472E-90D2-D2C2FE0E28ED}.Debug|Any CPU.ActiveCfg = Debug|Any CPU
		{10431E23-1569-472E-90D2-D2C2FE0E28ED}.Debug|Any CPU.Build.0 = Debug|Any CPU
		{10431E23-1569-472E-90D2-D2C2FE0E28ED}.Release|Any CPU.ActiveCfg = Release|Any CPU
		{10431E23-1569-472E-90D2-D2C2FE0E28ED}.Release|Any CPU.Build.0 = Release|Any CPU
		{D479A409-D446-478B-83B8-176956E8A939}.Debug|Any CPU.ActiveCfg = Debug|Any CPU
		{D479A409-D446-478B-83B8-176956E8A939}.Debug|Any CPU.Build.0 = Debug|Any CPU
		{D479A409-D446-478B-83B8-176956E8A939}.Release|Any CPU.ActiveCfg = Release|Any CPU
		{D479A409-D446-478B-83B8-176956E8A939}.Release|Any CPU.Build.0 = Release|Any CPU
	EndGlobalSection
EndGlobal
